
Microsoft Visual Studio Solution File, Format Version 12.00
# Visual Studio Version 17
VisualStudioVersion = 17.6.33723.286
MinimumVisualStudioVersion = 10.0.40219.1
Project("{FAE04EC0-301F-11D3-BF4B-00C04F79EFBC}") = "Ibos_Internship_Test", "Ibos_Internship_Test\Ibos_Internship_Test.csproj", "{883C3F1F-35AF-4B1C-9394-9DA2EC963365}"
EndProject
Global
	GlobalSection(SolutionConfigurationPlatforms) = preSolution
		Debug|Any CPU = Debug|Any CPU
		Release|Any CPU = Release|Any CPU
	EndGlobalSection
	GlobalSection(ProjectConfigurationPlatforms) = postSolution
		{883C3F1F-35AF-4B1C-9394-9DA2EC963365}.Debug|Any CPU.ActiveCfg = Debug|Any CPU
		{883C3F1F-35AF-4B1C-9394-9DA2EC963365}.Debug|Any CPU.Build.0 = Debug|Any CPU
		{883C3F1F-35AF-4B1C-9394-9DA2EC963365}.Release|Any CPU.ActiveCfg = Release|Any CPU
		{883C3F1F-35AF-4B1C-9394-9DA2EC963365}.Release|Any CPU.Build.0 = Release|Any CPU
	EndGlobalSection
	GlobalSection(SolutionProperties) = preSolution
		HideSolutionNode = FALSE
	EndGlobalSection
	GlobalSection(ExtensibilityGlobals) = postSolution
		SolutionGuid = {B5E85526-710D-4043-B5BF-F3D56F0C58A0}
	EndGlobalSection
EndGlobal
